
Microsoft Visual Studio Solution File, Format Version 12.00
# Visual Studio Version 16
VisualStudioVersion = 16.0.31702.278
MinimumVisualStudioVersion = 10.0.40219.1
Project("{FAE04EC0-301F-11D3-BF4B-00C04F79EFBC}") = "ProyectoPruebaAleix", "ProyectoPruebaAleix\ProyectoPruebaAleix.csproj", "{DFCB1316-4564-44AC-9CE8-DBEDBEBDD39D}"
EndProject
Project("{FAE04EC0-301F-11D3-BF4B-00C04F79EFBC}") = "ProyectoPruebaAleix.Infrastructure", "ProyectoPruebaAleix.Infrastructure\ProyectoPruebaAleix.Infrastructure.csproj", "{7390BC85-D4FD-4E1D-9975-0DADD186263E}"
EndProject
Project("{FAE04EC0-301F-11D3-BF4B-00C04F79EFBC}") = "ProyectoPruebaAleix.Domain", "ProyectoPruebaAleix.Domain\ProyectoPruebaAleix.Domain.csproj", "{CDE4449F-A8EE-431D-8864-2CD7B0B64027}"
EndProject
Global
	GlobalSection(SolutionConfigurationPlatforms) = preSolution
		Debug|Any CPU = Debug|Any CPU
		Release|Any CPU = Release|Any CPU
	EndGlobalSection
	GlobalSection(ProjectConfigurationPlatforms) = postSolution
		{DFCB1316-4564-44AC-9CE8-DBEDBEBDD39D}.Debug|Any CPU.ActiveCfg = Debug|Any CPU
		{DFCB1316-4564-44AC-9CE8-DBEDBEBDD39D}.Debug|Any CPU.Build.0 = Debug|Any CPU
		{DFCB1316-4564-44AC-9CE8-DBEDBEBDD39D}.Release|Any CPU.ActiveCfg = Release|Any CPU
		{DFCB1316-4564-44AC-9CE8-DBEDBEBDD39D}.Release|Any CPU.Build.0 = Release|Any CPU
		{7390BC85-D4FD-4E1D-9975-0DADD186263E}.Debug|Any CPU.ActiveCfg = Debug|Any CPU
		{7390BC85-D4FD-4E1D-9975-0DADD186263E}.Debug|Any CPU.Build.0 = Debug|Any CPU
		{7390BC85-D4FD-4E1D-9975-0DADD186263E}.Release|Any CPU.ActiveCfg = Release|Any CPU
		{7390BC85-D4FD-4E1D-9975-0DADD186263E}.Release|Any CPU.Build.0 = Release|Any CPU
		{CDE4449F-A8EE-431D-8864-2CD7B0B64027}.Debug|Any CPU.ActiveCfg = Debug|Any CPU
		{CDE4449F-A8EE-431D-8864-2CD7B0B64027}.Debug|Any CPU.Build.0 = Debug|Any CPU
		{CDE4449F-A8EE-431D-8864-2CD7B0B64027}.Release|Any CPU.ActiveCfg = Release|Any CPU
		{CDE4449F-A8EE-431D-8864-2CD7B0B64027}.Release|Any CPU.Build.0 = Release|Any CPU
	EndGlobalSection
	GlobalSection(SolutionProperties) = preSolution
		HideSolutionNode = FALSE
	EndGlobalSection
	GlobalSection(ExtensibilityGlobals) = postSolution
		SolutionGuid = {5AB17BB6-71A1-4886-8E8D-6CCCACC62602}
	EndGlobalSection
EndGlobal
